
Microsoft Visual Studio Solution File, Format Version 12.00
# Visual Studio Version 16
VisualStudioVersion = 25.0.1706.4
MinimumVisualStudioVersion = 10.0.40219.1
Project("{FAE04EC0-301F-11D3-BF4B-00C04F79EFBC}") = "EmployeeTask", "EmployeeTask\EmployeeTask.csproj", "{EF0C7804-0315-4873-8B64-7CA5487A2ED3}"
EndProject
Global
	GlobalSection(SolutionConfigurationPlatforms) = preSolution
		Debug|Any CPU = Debug|Any CPU
		Release|Any CPU = Release|Any CPU
	EndGlobalSection
	GlobalSection(ProjectConfigurationPlatforms) = postSolution
		{EF0C7804-0315-4873-8B64-7CA5487A2ED3}.Debug|Any CPU.ActiveCfg = Debug|Any CPU
		{EF0C7804-0315-4873-8B64-7CA5487A2ED3}.Debug|Any CPU.Build.0 = Debug|Any CPU
		{EF0C7804-0315-4873-8B64-7CA5487A2ED3}.Release|Any CPU.ActiveCfg = Release|Any CPU
		{EF0C7804-0315-4873-8B64-7CA5487A2ED3}.Release|Any CPU.Build.0 = Release|Any CPU
	EndGlobalSection
	GlobalSection(SolutionProperties) = preSolution
		HideSolutionNode = FALSE
	EndGlobalSection
	GlobalSection(ExtensibilityGlobals) = postSolution
		SolutionGuid = {6C8F8B26-FBF6-423A-BD31-D9755EDA65B3}
	EndGlobalSection
EndGlobal
